
Microsoft Visual Studio Solution File, Format Version 12.00
# Visual Studio Version 17
VisualStudioVersion = 17.11.35327.3
MinimumVisualStudioVersion = 10.0.40219.1
Project("{FAE04EC0-301F-11D3-BF4B-00C04F79EFBC}") = "ConsoleApp1", "ConsoleApp1\ConsoleApp1.csproj", "{5249D386-489F-47F2-9995-6ED783F37E66}"
EndProject
Global
	GlobalSection(SolutionConfigurationPlatforms) = preSolution
		Debug|Any CPU = Debug|Any CPU
		Release|Any CPU = Release|Any CPU
	EndGlobalSection
	GlobalSection(ProjectConfigurationPlatforms) = postSolution
		{5249D386-489F-47F2-9995-6ED783F37E66}.Debug|Any CPU.ActiveCfg = Debug|Any CPU
		{5249D386-489F-47F2-9995-6ED783F37E66}.Debug|Any CPU.Build.0 = Debug|Any CPU
		{5249D386-489F-47F2-9995-6ED783F37E66}.Release|Any CPU.ActiveCfg = Release|Any CPU
		{5249D386-489F-47F2-9995-6ED783F37E66}.Release|Any CPU.Build.0 = Release|Any CPU
	EndGlobalSection
	GlobalSection(SolutionProperties) = preSolution
		HideSolutionNode = FALSE
	EndGlobalSection
	GlobalSection(ExtensibilityGlobals) = postSolution
		SolutionGuid = {86DA875F-23C4-4A76-8C00-6BEB4280076F}
	EndGlobalSection
EndGlobal
